
Microsoft Visual Studio Solution File, Format Version 10.00
# Visual C# Express 2008
Project("{FAE04EC0-301F-11D3-BF4B-00C04F79EFBC}") = "Angels_Vs_Demons", "Angels_Vs_Demons\Angels_Vs_Demons.csproj", "{7B60E79E-900A-4B22-976B-8A2CD64E6EB5}"
EndProject
Global
	GlobalSection(SolutionConfigurationPlatforms) = preSolution
		Debug|x86 = Debug|x86
		Release|x86 = Release|x86
	EndGlobalSection
	GlobalSection(ProjectConfigurationPlatforms) = postSolution
		{7B60E79E-900A-4B22-976B-8A2CD64E6EB5}.Debug|x86.ActiveCfg = Debug|x86
		{7B60E79E-900A-4B22-976B-8A2CD64E6EB5}.Debug|x86.Build.0 = Debug|x86
		{7B60E79E-900A-4B22-976B-8A2CD64E6EB5}.Release|x86.ActiveCfg = Release|x86
		{7B60E79E-900A-4B22-976B-8A2CD64E6EB5}.Release|x86.Build.0 = Release|x86
		{4C8694E2-2409-4B61-9C34-B93CF9E04A41}.Debug|x86.ActiveCfg = Debug|x86
		{4C8694E2-2409-4B61-9C34-B93CF9E04A41}.Release|x86.ActiveCfg = Release|x86
	EndGlobalSection
	GlobalSection(SolutionProperties) = preSolution
		HideSolutionNode = FALSE
	EndGlobalSection
EndGlobal
