
Microsoft Visual Studio Solution File, Format Version 11.00
# Visual Studio 2010
Project("{FAE04EC0-301F-11D3-BF4B-00C04F79EFBC}") = "Angels_Vs_Demons", "Angels_Vs_Demons\Angels_Vs_Demons\Angels_Vs_Demons.csproj", "{949EB813-6598-410C-85EC-AEB3EF956F10}"
EndProject
Project("{96E2B04D-8817-42C6-938A-82C39BA4D311}") = "Angels_Vs_DemonsContent", "Angels_Vs_Demons\Angels_Vs_DemonsContent\Angels_Vs_DemonsContent.contentproj", "{6D2CF207-563E-4D20-B78E-4613692CF83F}"
EndProject
Global
	GlobalSection(SolutionConfigurationPlatforms) = preSolution
		Debug|x86 = Debug|x86
		Release|x86 = Release|x86
	EndGlobalSection
	GlobalSection(ProjectConfigurationPlatforms) = postSolution
		{949EB813-6598-410C-85EC-AEB3EF956F10}.Debug|x86.ActiveCfg = Debug|x86
		{949EB813-6598-410C-85EC-AEB3EF956F10}.Debug|x86.Build.0 = Debug|x86
		{949EB813-6598-410C-85EC-AEB3EF956F10}.Release|x86.ActiveCfg = Release|x86
		{949EB813-6598-410C-85EC-AEB3EF956F10}.Release|x86.Build.0 = Release|x86
		{6D2CF207-563E-4D20-B78E-4613692CF83F}.Debug|x86.ActiveCfg = Debug|x86
		{6D2CF207-563E-4D20-B78E-4613692CF83F}.Release|x86.ActiveCfg = Release|x86
	EndGlobalSection
	GlobalSection(SolutionProperties) = preSolution
		HideSolutionNode = FALSE
	EndGlobalSection
EndGlobal
